
Microsoft Visual Studio Solution File, Format Version 12.00
# Visual Studio 15
VisualStudioVersion = 15.0.28307.1145
MinimumVisualStudioVersion = 10.0.40219.1
Project("{FAE04EC0-301F-11D3-BF4B-00C04F79EFBC}") = "VideoGenerator", "VideoGenerator\VideoGenerator.csproj", "{587015D3-3E31-4646-ABCC-DE58B2D61687}"
EndProject
Global
	GlobalSection(SolutionConfigurationPlatforms) = preSolution
		Debug|Any CPU = Debug|Any CPU
		Release|Any CPU = Release|Any CPU
	EndGlobalSection
	GlobalSection(ProjectConfigurationPlatforms) = postSolution
		{587015D3-3E31-4646-ABCC-DE58B2D61687}.Debug|Any CPU.ActiveCfg = Debug|Any CPU
		{587015D3-3E31-4646-ABCC-DE58B2D61687}.Debug|Any CPU.Build.0 = Debug|Any CPU
		{587015D3-3E31-4646-ABCC-DE58B2D61687}.Release|Any CPU.ActiveCfg = Release|Any CPU
		{587015D3-3E31-4646-ABCC-DE58B2D61687}.Release|Any CPU.Build.0 = Release|Any CPU
	EndGlobalSection
	GlobalSection(SolutionProperties) = preSolution
		HideSolutionNode = FALSE
	EndGlobalSection
	GlobalSection(ExtensibilityGlobals) = postSolution
		SolutionGuid = {82F07FD6-8A1F-4387-9883-15004B3FAD6F}
	EndGlobalSection
EndGlobal
